
Microsoft Visual Studio Solution File, Format Version 12.00
# Visual Studio Version 17
VisualStudioVersion = 17.0.32112.339
MinimumVisualStudioVersion = 10.0.40219.1
Project("{F184B08F-C81C-45F6-A57F-5ABD9991F28F}") = "fuk", "fuk.vbproj", "{CDDFC2F5-BB3F-4358-B57A-DD2B17AC9E48}"
EndProject
Global
	GlobalSection(SolutionConfigurationPlatforms) = preSolution
		Debug|Any CPU = Debug|Any CPU
		Release|Any CPU = Release|Any CPU
	EndGlobalSection
	GlobalSection(ProjectConfigurationPlatforms) = postSolution
		{CDDFC2F5-BB3F-4358-B57A-DD2B17AC9E48}.Debug|Any CPU.ActiveCfg = Debug|Any CPU
		{CDDFC2F5-BB3F-4358-B57A-DD2B17AC9E48}.Debug|Any CPU.Build.0 = Debug|Any CPU
		{CDDFC2F5-BB3F-4358-B57A-DD2B17AC9E48}.Release|Any CPU.ActiveCfg = Release|Any CPU
		{CDDFC2F5-BB3F-4358-B57A-DD2B17AC9E48}.Release|Any CPU.Build.0 = Release|Any CPU
	EndGlobalSection
	GlobalSection(SolutionProperties) = preSolution
		HideSolutionNode = FALSE
	EndGlobalSection
	GlobalSection(ExtensibilityGlobals) = postSolution
		SolutionGuid = {1700FED2-549F-4745-98CC-9C836F8A267A}
	EndGlobalSection
EndGlobal
